# This file is automatically @generated by Cargo.
# It is not intended for manual editing.
version = 3

[[package]]
name = "aho-corasick"
version = "0.7.19"
source = "registry+https://github.com/rust-lang/crates.io-index"
checksum = "b4f55bd91a0978cbfd91c457a164bab8b4001c833b7f323132c0a4e1922dd44e"
dependencies = [
 "memchr",
]

[[package]]
name = "alloc-cortex-m"
version = "0.4.3"
source = "registry+https://github.com/rust-lang/crates.io-index"
checksum = "9b309e7a89884824cb3c8e5f882024269c95e90b2f746344f2914423ac33c452"
dependencies = [
 "cortex-m",
 "linked_list_allocator",
]

[[package]]
name = "apa102-spi"
version = "0.3.2"
source = "registry+https://github.com/rust-lang/crates.io-index"
checksum = "d92cd690fd2aae5bc549e2dc392d9082aab3ccf851aa39b0ab84b2934f4c57a3"
dependencies = [
 "embedded-hal 0.2.7",
 "smart-leds-trait",
]

[[package]]
name = "as-slice"
version = "0.1.5"
source = "registry+https://github.com/rust-lang/crates.io-index"
checksum = "45403b49e3954a4b8428a0ac21a4b7afadccf92bfd96273f1a58cd4812496ae0"
dependencies = [
 "generic-array 0.12.4",
 "generic-array 0.13.3",
 "generic-array 0.14.6",
 "stable_deref_trait",
]

[[package]]
name = "atomic-polyfill"
version = "0.1.10"
source = "registry+https://github.com/rust-lang/crates.io-index"
checksum = "9c041a8d9751a520ee19656232a18971f18946a7900f1520ee4400002244dd89"
dependencies = [
 "critical-section 0.2.7",
]

[[package]]
name = "autocfg"
version = "1.1.0"
source = "registry+https://github.com/rust-lang/crates.io-index"
checksum = "d468802bab17cbc0cc575e9b053f41e72aa36bfa6b7f55e3529ffa43161b97fa"

[[package]]
name = "az"
version = "1.2.1"
source = "registry+https://github.com/rust-lang/crates.io-index"
checksum = "7b7e4c2464d97fe331d41de9d5db0def0a96f4d823b8b32a2efd503578988973"

[[package]]
name = "bare-metal"
version = "0.2.5"
source = "registry+https://github.com/rust-lang/crates.io-index"
checksum = "5deb64efa5bd81e31fcd1938615a6d98c82eafcbcd787162b6f63b91d6bac5b3"
dependencies = [
 "rustc_version 0.2.3",
]

[[package]]
name = "bare-metal"
version = "1.0.0"
source = "registry+https://github.com/rust-lang/crates.io-index"
checksum = "f8fe8f5a8a398345e52358e18ff07cc17a568fbca5c6f73873d3a62056309603"

[[package]]
name = "bbqueue"
version = "0.5.1"
source = "registry+https://github.com/rust-lang/crates.io-index"
checksum = "fd3baa8859d1a4c7411039a75c0599a4640ef1c9a8fc811e4325b00e6cfe0a55"
dependencies = [
 "defmt",
]

[[package]]
name = "bit_field"
version = "0.10.1"
source = "registry+https://github.com/rust-lang/crates.io-index"
checksum = "dcb6dd1c2376d2e096796e234a70e17e94cc2d5d54ff8ce42b28cef1d0d359a4"

[[package]]
name = "bitfield"
version = "0.13.2"
source = "registry+https://github.com/rust-lang/crates.io-index"
checksum = "46afbd2983a5d5a7bd740ccb198caf5b82f45c40c09c0eed36052d91cb92e719"

[[package]]
name = "bitflags"
version = "1.3.2"
source = "registry+https://github.com/rust-lang/crates.io-index"
checksum = "bef38d45163c2f1dde094a7dfd33ccf595c92905c8f8f4fdc18d06fb1037718a"

[[package]]
name = "bytemuck"
version = "1.12.1"
source = "registry+https://github.com/rust-lang/crates.io-index"
checksum = "2f5715e491b5a1598fc2bef5a606847b5dc1d48ea625bd3c02c00de8285591da"

[[package]]
name = "byteorder"
version = "1.4.3"
source = "registry+https://github.com/rust-lang/crates.io-index"
checksum = "14c189c53d098945499cdfa7ecc63567cf3886b3332b312a5b4585d8d3a6a610"

[[package]]
name = "cfg-if"
version = "1.0.0"
source = "registry+https://github.com/rust-lang/crates.io-index"
checksum = "baf1de4339761588bc0619e3cbc0120ee582ebb74b53b4efbf79117bd2da40fd"

[[package]]
name = "cobs"
version = "0.2.3"
source = "registry+https://github.com/rust-lang/crates.io-index"
checksum = "67ba02a97a2bd10f4b59b25c7973101c79642302776489e030cd13cdab09ed15"

[[package]]
name = "cordic"
version = "0.1.5"
source = "registry+https://github.com/rust-lang/crates.io-index"
checksum = "0ed0a176c0b8c5c95fa0523177530364c5b68a8895d9745730dbfa692a7412d0"
dependencies = [
 "fixed",
]

[[package]]
name = "cortex-m"
version = "0.7.6"
source = "registry+https://github.com/rust-lang/crates.io-index"
checksum = "70858629a458fdfd39f9675c4dc309411f2a3f83bede76988d81bf1a0ecee9e0"
dependencies = [
 "bare-metal 0.2.5",
 "bitfield",
 "critical-section 1.1.1",
 "embedded-hal 0.2.7",
 "volatile-register",
]

[[package]]
name = "cortex-m-rt"
version = "0.7.1"
source = "registry+https://github.com/rust-lang/crates.io-index"
checksum = "3c433da385b720d5bb9f52362fa2782420798e68d40d67bfe4b0d992aba5dfe7"
dependencies = [
 "cortex-m-rt-macros",
]

[[package]]
name = "cortex-m-rt-macros"
version = "0.7.0"
source = "registry+https://github.com/rust-lang/crates.io-index"
checksum = "f0f6f3e36f203cfedbc78b357fb28730aa2c6dc1ab060ee5c2405e843988d3c7"
dependencies = [
 "proc-macro2",
 "quote",
 "syn",
]

[[package]]
name = "cortex-m-rtic"
version = "1.1.3"
source = "registry+https://github.com/rust-lang/crates.io-index"
checksum = "c6b82f1c39acd6c3a35c2013b6110c20f5bc534522791fabadeed49ccada2dce"
dependencies = [
 "bare-metal 1.0.0",
 "cortex-m",
 "cortex-m-rtic-macros",
 "heapless 0.7.16",
 "rtic-core",
 "rtic-monotonic",
 "version_check",
]

[[package]]
name = "cortex-m-rtic-macros"
version = "1.1.5"
source = "registry+https://github.com/rust-lang/crates.io-index"
checksum = "9e8e9645ef54bec1cf70ac33e9bf9566e6507ab5b41ae6baf3735662194e8607"
dependencies = [
 "proc-macro-error",
 "proc-macro2",
 "quote",
 "rtic-syntax",
 "syn",
]

[[package]]
name = "critical-section"
version = "0.2.7"
source = "registry+https://github.com/rust-lang/crates.io-index"
checksum = "95da181745b56d4bd339530ec393508910c909c784e8962d15d722bacf0bcbcd"
dependencies = [
 "bare-metal 1.0.0",
 "cfg-if",
 "cortex-m",
 "riscv",
]

[[package]]
name = "critical-section"
version = "1.1.1"
source = "registry+https://github.com/rust-lang/crates.io-index"
checksum = "6548a0ad5d2549e111e1f6a11a6c2e2d00ce6a3dafe22948d67c2b443f775e52"

[[package]]
name = "crunchy"
version = "0.2.2"
source = "registry+https://github.com/rust-lang/crates.io-index"
checksum = "7a81dae078cea95a014a339291cec439d2f232ebe854a9d672b796c6afafa9b7"

[[package]]
name = "defmt"
version = "0.3.2"
source = "registry+https://github.com/rust-lang/crates.io-index"
checksum = "d3a0ae7494d9bff013d7b89471f4c424356a71e9752e0c78abe7e6c608a16bb3"
dependencies = [
 "bitflags",
 "defmt-macros",
]

[[package]]
name = "defmt-macros"
version = "0.3.3"
source = "registry+https://github.com/rust-lang/crates.io-index"
checksum = "8500cbe4cca056412efce4215a63d0bc20492942aeee695f23b624a53e0a6854"
dependencies = [
 "defmt-parser",
 "proc-macro-error",
 "proc-macro2",
 "quote",
 "syn",
]

[[package]]
name = "defmt-parser"
version = "0.3.1"
source = "registry+https://github.com/rust-lang/crates.io-index"
checksum = "0db23d29972d99baa3de2ee2ae3f104c10564a6d05a346eb3f4c4f2c0525a06e"

[[package]]
name = "defmt-rtt"
version = "0.4.0"
source = "registry+https://github.com/rust-lang/crates.io-index"
checksum = "609923761264dd99ed9c7d209718cda4631c5fe84668e0f0960124cbb844c49f"
dependencies = [
 "critical-section 1.1.1",
 "defmt",
]

[[package]]
name = "dwt-systick-monotonic"
version = "1.1.0"
source = "registry+https://github.com/rust-lang/crates.io-index"
checksum = "89cf807194f1cdf91fc6982bbf42dae58bef937206fd68091d6534ba2888c0cf"
dependencies = [
 "cfg-if",
 "cortex-m",
 "fugit",
 "rtic-monotonic",
]

[[package]]
name = "either"
version = "1.8.0"
source = "registry+https://github.com/rust-lang/crates.io-index"
checksum = "90e5c1c8368803113bf0c9584fc495a58b86dc8a29edbf8fe877d21d9507e797"

[[package]]
name = "embedded-dma"
version = "0.2.0"
source = "registry+https://github.com/rust-lang/crates.io-index"
checksum = "994f7e5b5cb23521c22304927195f236813053eb9c065dd2226a32ba64695446"
dependencies = [
 "stable_deref_trait",
]

[[package]]
name = "embedded-hal"
version = "0.2.7"
source = "registry+https://github.com/rust-lang/crates.io-index"
checksum = "35949884794ad573cf46071e41c9b60efb0cb311e3ca01f7af807af1debc66ff"
dependencies = [
 "nb 0.1.3",
 "void",
]

[[package]]
name = "embedded-hal"
version = "1.0.0-alpha.8"
source = "registry+https://github.com/rust-lang/crates.io-index"
checksum = "c3babfc7fd332142a0b11aebf592992f211f4e01b6222fb04b03aba1bd80018d"
dependencies = [
 "nb 1.1.0",
]

[[package]]
name = "embedded-storage"
version = "0.2.0"
source = "registry+https://github.com/rust-lang/crates.io-index"
checksum = "723dce4e9f25b6e6c5f35628e144794e5b459216ed7da97b7c4b66cdb3fa82ca"

[[package]]
name = "embedded-websocket"
version = "0.8.0"
source = "registry+https://github.com/rust-lang/crates.io-index"
checksum = "58a646c098ab215717330704269d100ce887161feb3ed6c04781018c9f6aac35"
dependencies = [
 "byteorder",
 "heapless 0.5.6",
 "httparse",
 "rand_core",
 "sha1",
]

[[package]]
name = "f4-peri"
version = "0.1.0"
source = "git+https://github.com/spookyvision/f4-peri.git#068b849cb2b51e03250b4932ac8f699a3b499e6b"
dependencies = [
 "apa102-spi",
 "cortex-m",
 "embedded-hal 0.2.7",
 "embedded-websocket",
 "fugit",
 "heapless 0.7.16",
 "nb 1.1.0",
 "numtoa",
 "rtic-monotonic",
 "sha1",
 "stm32f4xx-hal",
 "utils",
 "wifinina",
 "ws2812-spi",
]

[[package]]
name = "fixed"
version = "1.19.0"
source = "registry+https://github.com/rust-lang/crates.io-index"
checksum = "e0371cd413fb63f8ec1b9eb4dff47fa2c88b21abc681771234c84808b9920991"
dependencies = [
 "az",
 "bytemuck",
 "half",
 "num-traits",
 "serde",
 "typenum",
]

[[package]]
name = "fugit"
version = "0.3.6"
source = "registry+https://github.com/rust-lang/crates.io-index"
checksum = "7ab17bb279def6720d058cb6c052249938e7f99260ab534879281a95367a87e5"
dependencies = [
 "defmt",
 "gcd",
]

[[package]]
name = "fugit-timer"
version = "0.1.3"
source = "registry+https://github.com/rust-lang/crates.io-index"
checksum = "d9607bfc4c388f9d629704f56ede4a007546cad417b3bcd6fc7c87dc7edce04a"
dependencies = [
 "fugit",
 "nb 1.1.0",
]

[[package]]
name = "gcd"
version = "2.1.0"
source = "registry+https://github.com/rust-lang/crates.io-index"
checksum = "f37978dab2ca789938a83b2f8bc1ef32db6633af9051a6cd409eff72cbaaa79a"
dependencies = [
 "paste",
]

[[package]]
name = "generic-array"
version = "0.12.4"
source = "registry+https://github.com/rust-lang/crates.io-index"
checksum = "ffdf9f34f1447443d37393cc6c2b8313aebddcd96906caf34e54c68d8e57d7bd"
dependencies = [
 "typenum",
]

[[package]]
name = "generic-array"
version = "0.13.3"
source = "registry+https://github.com/rust-lang/crates.io-index"
checksum = "f797e67af32588215eaaab8327027ee8e71b9dd0b2b26996aedf20c030fce309"
dependencies = [
 "typenum",
]

[[package]]
name = "generic-array"
version = "0.14.6"
source = "registry+https://github.com/rust-lang/crates.io-index"
checksum = "bff49e947297f3312447abdca79f45f4738097cc82b06e72054d2223f601f1b9"
dependencies = [
 "typenum",
 "version_check",
]

[[package]]
name = "genio"
version = "0.2.1"
source = "registry+https://github.com/rust-lang/crates.io-index"
checksum = "f4e26859a808ffa83a83f20c7e3c9366afea91edae637a6ac203051885882dc8"
dependencies = [
 "void",
]

[[package]]
name = "half"
version = "2.1.0"
source = "registry+https://github.com/rust-lang/crates.io-index"
checksum = "ad6a9459c9c30b177b925162351f97e7d967c7ea8bab3b8352805327daf45554"
dependencies = [
 "crunchy",
]

[[package]]
name = "hash32"
version = "0.1.1"
source = "registry+https://github.com/rust-lang/crates.io-index"
checksum = "d4041af86e63ac4298ce40e5cca669066e75b6f1aa3390fe2561ffa5e1d9f4cc"
dependencies = [
 "byteorder",
]

[[package]]
name = "hash32"
version = "0.2.1"
source = "registry+https://github.com/rust-lang/crates.io-index"
checksum = "b0c35f58762feb77d74ebe43bdbc3210f09be9fe6742234d573bacc26ed92b67"
dependencies = [
 "byteorder",
]

[[package]]
name = "hashbrown"
version = "0.12.3"
source = "registry+https://github.com/rust-lang/crates.io-index"
checksum = "8a9ee70c43aaf417c914396645a0fa852624801b24ebb7ae78fe8272889ac888"

[[package]]
name = "heapless"
version = "0.5.6"
source = "registry+https://github.com/rust-lang/crates.io-index"
checksum = "74911a68a1658cfcfb61bc0ccfbd536e3b6e906f8c2f7883ee50157e3e2184f1"
dependencies = [
 "as-slice",
 "generic-array 0.13.3",
 "hash32 0.1.1",
 "stable_deref_trait",
]

[[package]]
name = "heapless"
version = "0.7.16"
source = "registry+https://github.com/rust-lang/crates.io-index"
checksum = "db04bc24a18b9ea980628ecf00e6c0264f3c1426dac36c00cb49b6fbad8b0743"
dependencies = [
 "atomic-polyfill",
 "defmt",
 "hash32 0.2.1",
 "rustc_version 0.4.0",
 "serde",
 "spin",
 "stable_deref_trait",
]

[[package]]
name = "httparse"
version = "1.8.0"
source = "registry+https://github.com/rust-lang/crates.io-index"
checksum = "d897f394bad6a705d5f4104762e116a75639e470d80901eed05a860a95cb1904"

[[package]]
name = "indexmap"
version = "1.9.1"
source = "registry+https://github.com/rust-lang/crates.io-index"
checksum = "10a35a97730320ffe8e2d410b5d3b69279b98d2c14bdb8b70ea89ecf7888d41e"
dependencies = [
 "autocfg",
 "hashbrown",
]

[[package]]
name = "itertools"
version = "0.10.5"
source = "registry+https://github.com/rust-lang/crates.io-index"
checksum = "b0fd2260e829bddf4cb6ea802289de2f86d6a7a690192fbe91b3f46e0f2c8473"
dependencies = [
 "either",
]

[[package]]
name = "lazy_static"
version = "1.4.0"
source = "registry+https://github.com/rust-lang/crates.io-index"
checksum = "e2abad23fbc42b3700f2f279844dc832adb2b2eb069b2df918f455c4e18cc646"

[[package]]
name = "libc"
version = "0.2.137"
source = "registry+https://github.com/rust-lang/crates.io-index"
checksum = "fc7fcc620a3bff7cdd7a365be3376c97191aeaccc2a603e600951e452615bf89"

[[package]]
name = "linked_list_allocator"
version = "0.10.4"
source = "registry+https://github.com/rust-lang/crates.io-index"
checksum = "e322f259d225fbae43a1b053b2dc6a5968a6bdf8b205f5de684dab485b95030e"

[[package]]
name = "lock_api"
version = "0.4.9"
source = "registry+https://github.com/rust-lang/crates.io-index"
checksum = "435011366fe56583b16cf956f9df0095b405b82d76425bc8981c0e22e60ec4df"
dependencies = [
 "autocfg",
 "scopeguard",
]

[[package]]
name = "memchr"
version = "2.5.0"
source = "registry+https://github.com/rust-lang/crates.io-index"
checksum = "2dffe52ecf27772e601905b7522cb4ef790d2cc203488bbd0e2fe85fcb74566d"

[[package]]
name = "micromath"
version = "2.0.0"
source = "registry+https://github.com/rust-lang/crates.io-index"
checksum = "39617bc909d64b068dcffd0e3e31679195b5576d0c83fadc52690268cc2b2b55"
dependencies = [
 "num-traits",
]

[[package]]
name = "nb"
version = "0.1.3"
source = "registry+https://github.com/rust-lang/crates.io-index"
checksum = "801d31da0513b6ec5214e9bf433a77966320625a37860f910be265be6e18d06f"
dependencies = [
 "nb 1.1.0",
]

[[package]]
name = "nb"
version = "1.1.0"
source = "registry+https://github.com/rust-lang/crates.io-index"
checksum = "8d5439c4ad607c3c23abf66de8c8bf57ba8adcd1f129e699851a6e43935d339d"

[[package]]
name = "num-traits"
version = "0.2.15"
source = "registry+https://github.com/rust-lang/crates.io-index"
checksum = "578ede34cf02f8924ab9447f50c28075b4d3e5b269972345e7e0372b38c6cdcd"
dependencies = [
 "autocfg",
]

[[package]]
name = "num_threads"
version = "0.1.6"
source = "registry+https://github.com/rust-lang/crates.io-index"
checksum = "2819ce041d2ee131036f4fc9d6ae7ae125a3a40e97ba64d04fe799ad9dabbb44"
dependencies = [
 "libc",
]

[[package]]
name = "numtoa"
version = "0.2.4"
source = "registry+https://github.com/rust-lang/crates.io-index"
checksum = "6aa2c4e539b869820a2b82e1aef6ff40aa85e65decdd5185e83fb4b1249cd00f"

[[package]]
name = "panic-probe"
version = "0.3.0"
source = "registry+https://github.com/rust-lang/crates.io-index"
checksum = "3ab1f00eac22bd18f8e5cae9555f2820b3a0c166b5b556ee3e203746ea6dcf3a"
dependencies = [
 "cortex-m",
 "defmt",
]

[[package]]
name = "paste"
version = "1.0.9"
source = "registry+https://github.com/rust-lang/crates.io-index"
checksum = "b1de2e551fb905ac83f73f7aedf2f0cb4a0da7e35efa24a202a936269f1f18e1"

[[package]]
name = "postcard"
version = "1.0.2"
source = "registry+https://github.com/rust-lang/crates.io-index"
checksum = "1c2b180dc0bade59f03fd005cb967d3f1e5f69b13922dad0cd6e047cb8af2363"
dependencies = [
 "cobs",
 "defmt",
 "heapless 0.7.16",
 "serde",
]

[[package]]
name = "proc-macro-error"
version = "1.0.4"
source = "registry+https://github.com/rust-lang/crates.io-index"
checksum = "da25490ff9892aab3fcf7c36f08cfb902dd3e71ca0f9f9517bea02a73a5ce38c"
dependencies = [
 "proc-macro-error-attr",
 "proc-macro2",
 "quote",
 "syn",
 "version_check",
]

[[package]]
name = "proc-macro-error-attr"
version = "1.0.4"
source = "registry+https://github.com/rust-lang/crates.io-index"
checksum = "a1be40180e52ecc98ad80b184934baf3d0d29f979574e439af5a55274b35f869"
dependencies = [
 "proc-macro2",
 "quote",
 "version_check",
]

[[package]]
name = "proc-macro2"
version = "1.0.47"
source = "registry+https://github.com/rust-lang/crates.io-index"
checksum = "5ea3d908b0e36316caf9e9e2c4625cdde190a7e6f440d794667ed17a1855e725"
dependencies = [
 "unicode-ident",
]

[[package]]
name = "quote"
version = "1.0.21"
source = "registry+https://github.com/rust-lang/crates.io-index"
checksum = "bbe448f377a7d6961e30f5955f9b8d106c3f5e449d493ee1b125c1d43c2b5179"
dependencies = [
 "proc-macro2",
]

[[package]]
name = "rand_core"
version = "0.6.4"
source = "registry+https://github.com/rust-lang/crates.io-index"
checksum = "ec0be4795e2f6a28069bec0b5ff3e2ac9bafc99e6a9a7dc3547996c5c816922c"

[[package]]
name = "regex"
version = "1.6.0"
source = "registry+https://github.com/rust-lang/crates.io-index"
checksum = "4c4eb3267174b8c6c2f654116623910a0fef09c4753f8dd83db29c48a0df988b"
dependencies = [
 "aho-corasick",
 "memchr",
 "regex-syntax",
]

[[package]]
name = "regex-syntax"
version = "0.6.27"
source = "registry+https://github.com/rust-lang/crates.io-index"
checksum = "a3f87b73ce11b1619a3c6332f45341e0047173771e8b8b73f87bfeefb7b56244"

[[package]]
name = "rgb"
version = "0.8.34"
source = "registry+https://github.com/rust-lang/crates.io-index"
checksum = "3603b7d71ca82644f79b5a06d1220e9a58ede60bd32255f698cb1af8838b8db3"
dependencies = [
 "bytemuck",
]

[[package]]
name = "riscv"
version = "0.7.0"
source = "registry+https://github.com/rust-lang/crates.io-index"
checksum = "6907ccdd7a31012b70faf2af85cd9e5ba97657cc3987c4f13f8e4d2c2a088aba"
dependencies = [
 "bare-metal 1.0.0",
 "bit_field",
 "riscv-target",
]

[[package]]
name = "riscv-target"
version = "0.1.2"
source = "registry+https://github.com/rust-lang/crates.io-index"
checksum = "88aa938cda42a0cf62a20cfe8d139ff1af20c2e681212b5b34adb5a58333f222"
dependencies = [
 "lazy_static",
 "regex",
]

[[package]]
name = "rtic-core"
version = "1.0.0"
source = "registry+https://github.com/rust-lang/crates.io-index"
checksum = "d9369355b04d06a3780ec0f51ea2d225624db777acbc60abd8ca4832da5c1a42"

[[package]]
name = "rtic-monotonic"
version = "1.0.0"
source = "registry+https://github.com/rust-lang/crates.io-index"
checksum = "fb8b0b822d1a366470b9cea83a1d4e788392db763539dc4ba022bcc787fece82"

[[package]]
name = "rtic-syntax"
version = "1.0.2"
source = "registry+https://github.com/rust-lang/crates.io-index"
checksum = "3ad3ae243dd8d0a1b064615f664d4fa7e63929939074c564cbe5efdc4c503065"
dependencies = [
 "indexmap",
 "proc-macro2",
 "quote",
 "syn",
]

[[package]]
name = "rustc_version"
version = "0.2.3"
source = "registry+https://github.com/rust-lang/crates.io-index"
checksum = "138e3e0acb6c9fb258b19b67cb8abd63c00679d2851805ea151465464fe9030a"
dependencies = [
 "semver 0.9.0",
]

[[package]]
name = "rustc_version"
version = "0.4.0"
source = "registry+https://github.com/rust-lang/crates.io-index"
checksum = "bfa0f585226d2e68097d4f95d113b15b83a82e819ab25717ec0590d9584ef366"
dependencies = [
 "semver 1.0.14",
]

[[package]]
name = "scopeguard"
version = "1.1.0"
source = "registry+https://github.com/rust-lang/crates.io-index"
checksum = "d29ab0c6d3fc0ee92fe66e2d99f700eab17a8d57d1c1d3b748380fb20baa78cd"

[[package]]
name = "semver"
version = "0.9.0"
source = "registry+https://github.com/rust-lang/crates.io-index"
checksum = "1d7eb9ef2c18661902cc47e535f9bc51b78acd254da71d375c2f6720d9a40403"
dependencies = [
 "semver-parser",
]

[[package]]
name = "semver"
version = "1.0.14"
source = "registry+https://github.com/rust-lang/crates.io-index"
checksum = "e25dfac463d778e353db5be2449d1cce89bd6fd23c9f1ea21310ce6e5a1b29c4"

[[package]]
name = "semver-parser"
version = "0.7.0"
source = "registry+https://github.com/rust-lang/crates.io-index"
checksum = "388a1df253eca08550bef6c72392cfe7c30914bf41df5269b68cbd6ff8f570a3"

[[package]]
name = "serde"
version = "1.0.147"
source = "registry+https://github.com/rust-lang/crates.io-index"
checksum = "d193d69bae983fc11a79df82342761dfbf28a99fc8d203dca4c3c1b590948965"
dependencies = [
 "serde_derive",
]

[[package]]
name = "serde_derive"
version = "1.0.147"
source = "registry+https://github.com/rust-lang/crates.io-index"
checksum = "4f1d362ca8fc9c3e3a7484440752472d68a6caa98f1ab81d99b5dfe517cec852"
dependencies = [
 "proc-macro2",
 "quote",
 "syn",
]

[[package]]
name = "sha1"
version = "0.6.0"
source = "registry+https://github.com/rust-lang/crates.io-index"
checksum = "2579985fda508104f7587689507983eadd6a6e84dd35d6d115361f530916fa0d"

[[package]]
name = "smart-leds"
version = "0.3.0"
source = "registry+https://github.com/rust-lang/crates.io-index"
checksum = "38dd45fa275f70b4110eac5f5182611ad384f88bb22b68b9a9c3cafd7015290b"
dependencies = [
 "smart-leds-trait",
]

[[package]]
name = "smart-leds-trait"
version = "0.2.1"
source = "registry+https://github.com/rust-lang/crates.io-index"
checksum = "ebf6d833fa93f16a1c1874e62c2aebe8567e5bdd436d59bf543ed258b6f7a8e3"
dependencies = [
 "rgb",
]

[[package]]
name = "spin"
version = "0.9.4"
source = "registry+https://github.com/rust-lang/crates.io-index"
checksum = "7f6002a767bff9e83f8eeecf883ecb8011875a21ae8da43bffb817a57e78cc09"
dependencies = [
 "lock_api",
]

[[package]]
name = "stable_deref_trait"
version = "1.2.0"
source = "registry+https://github.com/rust-lang/crates.io-index"
checksum = "a8f112729512f8e442d81f95a8a7ddf2b7c6b8a1a6f509a95864142b30cab2d3"

[[package]]
name = "stm32f4"
version = "0.15.1"
source = "registry+https://github.com/rust-lang/crates.io-index"
checksum = "fb94729242cd1aebe6dab42a2ca0131985ae93bc3ab2751b680df724bb35528d"
dependencies = [
 "bare-metal 1.0.0",
 "cortex-m",
 "cortex-m-rt",
 "vcell",
]

[[package]]
name = "stm32f4-app"
version = "0.1.0"
dependencies = [
 "alloc-cortex-m",
 "bbqueue",
 "cordic",
 "cortex-m",
 "cortex-m-rtic",
 "defmt",
 "defmt-rtt",
 "dwt-systick-monotonic",
 "f4-peri",
 "fugit",
 "heapless 0.7.16",
 "micromath",
 "panic-probe",
 "postcard",
 "smart-leds",
 "stm32f4xx-hal",
 "trenchcoat",
 "usb-device",
 "usbd-serial",
 "ws2812-spi",
]

[[package]]
name = "stm32f4xx-hal"
version = "0.15.0"
source = "git+https://github.com/stm32-rs/stm32f4xx-hal.git#a0971b2a2cb83292489ff3619bece79a63c81269"
dependencies = [
 "bare-metal 1.0.0",
 "bitflags",
 "cortex-m",
 "cortex-m-rt",
 "embedded-dma",
 "embedded-hal 0.2.7",
 "embedded-hal 1.0.0-alpha.8",
 "embedded-storage",
 "fugit",
 "fugit-timer",
 "nb 1.1.0",
 "rand_core",
 "stm32f4",
 "synopsys-usb-otg",
 "time",
 "void",
]

[[package]]
name = "syn"
version = "1.0.103"
source = "registry+https://github.com/rust-lang/crates.io-index"
checksum = "a864042229133ada95abf3b54fdc62ef5ccabe9515b64717bcb9a1919e59445d"
dependencies = [
 "proc-macro2",
 "quote",
 "unicode-ident",
]

[[package]]
name = "synopsys-usb-otg"
version = "0.3.2"
source = "registry+https://github.com/rust-lang/crates.io-index"
checksum = "678f3707a7b1fd4863023292c42f73c6bab0e9b0096f41ae612d1af0ff221b45"
dependencies = [
 "cortex-m",
 "embedded-hal 0.2.7",
 "usb-device",
 "vcell",
]

[[package]]
name = "time"
version = "0.3.16"
source = "registry+https://github.com/rust-lang/crates.io-index"
checksum = "0fab5c8b9980850e06d92ddbe3ab839c062c801f3927c0fb8abd6fc8e918fbca"
dependencies = [
 "libc",
 "num_threads",
 "time-core",
]

[[package]]
name = "time-core"
version = "0.1.0"
source = "registry+https://github.com/rust-lang/crates.io-index"
checksum = "2e153e1f1acaef8acc537e68b44906d2db6436e2b35ac2c6b42640fff91f00fd"

[[package]]
name = "trenchcoat"
version = "0.5.1"
dependencies = [
 "cordic",
 "defmt",
 "fixed",
 "heapless 0.7.16",
 "postcard",
 "serde",
]

[[package]]
name = "typenum"
version = "1.15.0"
source = "registry+https://github.com/rust-lang/crates.io-index"
checksum = "dcf81ac59edc17cc8697ff311e8f5ef2d99fcbd9817b34cec66f90b6c3dfd987"

[[package]]
name = "unicode-ident"
version = "1.0.5"
source = "registry+https://github.com/rust-lang/crates.io-index"
checksum = "6ceab39d59e4c9499d4e5a8ee0e2735b891bb7308ac83dfb4e80cad195c9f6f3"

[[package]]
name = "usb-device"
version = "0.2.9"
source = "registry+https://github.com/rust-lang/crates.io-index"
checksum = "1f6cc3adc849b5292b4075fc0d5fdcf2f24866e88e336dd27a8943090a520508"

[[package]]
name = "usbd-serial"
version = "0.1.1"
source = "registry+https://github.com/rust-lang/crates.io-index"
checksum = "db75519b86287f12dcf0d171c7cf4ecc839149fe9f3b720ac4cfce52959e1dfe"
dependencies = [
 "embedded-hal 0.2.7",
 "nb 0.1.3",
 "usb-device",
]

[[package]]
name = "utils"
version = "0.1.0"
source = "git+https://github.com/spookyvision/rust-utils.git#8a0d41ea51b1faa445b6f9c6310e91eb1a02b876"
dependencies = [
 "itertools",
 "num-traits",
]

[[package]]
name = "vcell"
version = "0.1.3"
source = "registry+https://github.com/rust-lang/crates.io-index"
checksum = "77439c1b53d2303b20d9459b1ade71a83c716e3f9c34f3228c00e6f185d6c002"

[[package]]
name = "version_check"
version = "0.9.4"
source = "registry+https://github.com/rust-lang/crates.io-index"
checksum = "49874b5167b65d7193b8aba1567f5c7d93d001cafc34600cee003eda787e483f"

[[package]]
name = "void"
version = "1.0.2"
source = "registry+https://github.com/rust-lang/crates.io-index"
checksum = "6a02e4885ed3bc0f2de90ea6dd45ebcbb66dacffe03547fadbb0eeae2770887d"

[[package]]
name = "volatile-register"
version = "0.2.1"
source = "registry+https://github.com/rust-lang/crates.io-index"
checksum = "9ee8f19f9d74293faf70901bc20ad067dc1ad390d2cbf1e3f75f721ffee908b6"
dependencies = [
 "vcell",
]

[[package]]
name = "wifinina"
version = "0.0.1"
source = "git+https://github.com/spookyvision/wifinina-rs.git#7fda7a53a5f3ae143adaba6ef77eb31156c1a7ef"
dependencies = [
 "embedded-hal 0.2.7",
 "genio",
 "nb 0.1.3",
 "numtoa",
 "void",
]

[[package]]
name = "ws2812-spi"
version = "0.4.0"
source = "registry+https://github.com/rust-lang/crates.io-index"
checksum = "eaa00b1cde2c2c861e7cc13a4925598dd86b4690e39c5b77308198df5384b8db"
dependencies = [
 "embedded-hal 0.2.7",
 "nb 0.1.3",
 "smart-leds-trait",
]
